// !$*UTF8*$!
{
	archiveVersion = 1;
	classes = {
	};
	objectVersion = 56;
	objects = {

/* Begin PBXBuildFile section */
		325E6DFA2BEE09B900606547 /* AppDelegate.swift in Sources */ = {isa = PBXBuildFile; fileRef = 325E6DF92BEE09B900606547 /* AppDelegate.swift */; };
		325E6DFC2BEE09B900606547 /* SceneDelegate.swift in Sources */ = {isa = PBXBuildFile; fileRef = 325E6DFB2BEE09B900606547 /* SceneDelegate.swift */; };
		325E6E012BEE09B900606547 /* Main.storyboard in Resources */ = {isa = PBXBuildFile; fileRef = 325E6DFF2BEE09B900606547 /* Main.storyboard */; };
		325E6E032BEE09BB00606547 /* Assets.xcassets in Resources */ = {isa = PBXBuildFile; fileRef = 325E6E022BEE09BB00606547 /* Assets.xcassets */; };
		325E6E062BEE09BB00606547 /* LaunchScreen.storyboard in Resources */ = {isa = PBXBuildFile; fileRef = 325E6E042BEE09BB00606547 /* LaunchScreen.storyboard */; };
		325E6E112BEE0E2600606547 /* ListModel.swift in Sources */ = {isa = PBXBuildFile; fileRef = 325E6E102BEE0E2600606547 /* ListModel.swift */; };
		325E6E132BEE0EEF00606547 /* ToDoModel.swift in Sources */ = {isa = PBXBuildFile; fileRef = 325E6E122BEE0EEF00606547 /* ToDoModel.swift */; };
		325E6E152BEE102E00606547 /* ViewController.swift in Sources */ = {isa = PBXBuildFile; fileRef = 325E6E142BEE102E00606547 /* ViewController.swift */; };
/* End PBXBuildFile section */

/* Begin PBXFileReference section */
		325E6DF62BEE09B900606547 /* TableViewSearch.app */ = {isa = PBXFileReference; explicitFileType = wrapper.application; includeInIndex = 0; path = TableViewSearch.app; sourceTree = BUILT_PRODUCTS_DIR; };
		325E6DF92BEE09B900606547 /* AppDelegate.swift */ = {isa = PBXFileReference; lastKnownFileType = sourcecode.swift; path = AppDelegate.swift; sourceTree = "<group>"; };
		325E6DFB2BEE09B900606547 /* SceneDelegate.swift */ = {isa = PBXFileReference; lastKnownFileType = sourcecode.swift; path = SceneDelegate.swift; sourceTree = "<group>"; };
		325E6E002BEE09B900606547 /* Base */ = {isa = PBXFileReference; lastKnownFileType = file.storyboard; name = Base; path = Base.lproj/Main.storyboard; sourceTree = "<group>"; };
		325E6E022BEE09BB00606547 /* Assets.xcassets */ = {isa = PBXFileReference; lastKnownFileType = folder.assetcatalog; path = Assets.xcassets; sourceTree = "<group>"; };
		325E6E052BEE09BB00606547 /* Base */ = {isa = PBXFileReference; lastKnownFileType = file.storyboard; name = Base; path = Base.lproj/LaunchScreen.storyboard; sourceTree = "<group>"; };
		325E6E072BEE09BB00606547 /* Info.plist */ = {isa = PBXFileReference; lastKnownFileType = text.plist.xml; path = Info.plist; sourceTree = "<group>"; };
		325E6E102BEE0E2600606547 /* ListModel.swift */ = {isa = PBXFileReference; lastKnownFileType = sourcecode.swift; path = ListModel.swift; sourceTree = "<group>"; };
		325E6E122BEE0EEF00606547 /* ToDoModel.swift */ = {isa = PBXFileReference; lastKnownFileType = sourcecode.swift; path = ToDoModel.swift; sourceTree = "<group>"; };
		325E6E142BEE102E00606547 /* ViewController.swift */ = {isa = PBXFileReference; lastKnownFileType = sourcecode.swift; path = ViewController.swift; sourceTree = "<group>"; };
/* End PBXFileReference section */

/* Begin PBXFrameworksBuildPhase section */
		325E6DF32BEE09B900606547 /* Frameworks */ = {
			isa = PBXFrameworksBuildPhase;
			buildActionMask = 2147483647;
			files = (
			);
			runOnlyForDeploymentPostprocessing = 0;
		};
/* End PBXFrameworksBuildPhase section */

/* Begin PBXGroup section */
		325E6DED2BEE09B900606547 = {
			isa = PBXGroup;
			children = (
				325E6DF82BEE09B900606547 /* TableViewSearch */,
				325E6DF72BEE09B900606547 /* Products */,
			);
			sourceTree = "<group>";
		};
		325E6DF72BEE09B900606547 /* Products */ = {
			isa = PBXGroup;
			children = (
				325E6DF62BEE09B900606547 /* TableViewSearch.app */,
			);
			name = Products;
			sourceTree = "<group>";
		};
		325E6DF82BEE09B900606547 /* TableViewSearch */ = {
			isa = PBXGroup;
			children = (
				325E6E0F2BEE0E0900606547 /* View */,
				325E6E0E2BEE0E0200606547 /* VM */,
				325E6E0D2BEE0DFC00606547 /* Model */,
				325E6DF92BEE09B900606547 /* AppDelegate.swift */,
				325E6DFB2BEE09B900606547 /* SceneDelegate.swift */,
				325E6DFF2BEE09B900606547 /* Main.storyboard */,
				325E6E022BEE09BB00606547 /* Assets.xcassets */,
				325E6E042BEE09BB00606547 /* LaunchScreen.storyboard */,
				325E6E072BEE09BB00606547 /* Info.plist */,
			);
			path = TableViewSearch;
			sourceTree = "<group>";
		};
		325E6E0D2BEE0DFC00606547 /* Model */ = {
			isa = PBXGroup;
			children = (
				325E6E102BEE0E2600606547 /* ListModel.swift */,
			);
			path = Model;
			sourceTree = "<group>";
		};
		325E6E0E2BEE0E0200606547 /* VM */ = {
			isa = PBXGroup;
			children = (
				325E6E122BEE0EEF00606547 /* ToDoModel.swift */,
			);
			path = VM;
			sourceTree = "<group>";
		};
		325E6E0F2BEE0E0900606547 /* View */ = {
			isa = PBXGroup;
			children = (
				325E6E142BEE102E00606547 /* ViewController.swift */,
			);
			path = View;
			sourceTree = "<group>";
		};
/* End PBXGroup section */

/* Begin PBXNativeTarget section */
		325E6DF52BEE09B900606547 /* TableViewSearch */ = {
			isa = PBXNativeTarget;
			buildConfigurationList = 325E6E0A2BEE09BB00606547 /* Build configuration list for PBXNativeTarget "TableViewSearch" */;
			buildPhases = (
				325E6DF22BEE09B900606547 /* Sources */,
				325E6DF32BEE09B900606547 /* Frameworks */,
				325E6DF42BEE09B900606547 /* Resources */,
			);
			buildRules = (
			);
			dependencies = (
			);
			name = TableViewSearch;
			productName = TableViewSearch;
			productReference = 325E6DF62BEE09B900606547 /* TableViewSearch.app */;
			productType = "com.apple.product-type.application";
		};
/* End PBXNativeTarget section */

/* Begin PBXProject section */
		325E6DEE2BEE09B900606547 /* Project object */ = {
			isa = PBXProject;
			attributes = {
				BuildIndependentTargetsInParallel = 1;
				LastSwiftUpdateCheck = 1430;
				LastUpgradeCheck = 1430;
				TargetAttributes = {
					325E6DF52BEE09B900606547 = {
						CreatedOnToolsVersion = 14.3;
					};
				};
			};
			buildConfigurationList = 325E6DF12BEE09B900606547 /* Build configuration list for PBXProject "TableViewSearch" */;
			compatibilityVersion = "Xcode 14.0";
			developmentRegion = en;
			hasScannedForEncodings = 0;
			knownRegions = (
				en,
				Base,
			);
			mainGroup = 325E6DED2BEE09B900606547;
			productRefGroup = 325E6DF72BEE09B900606547 /* Products */;
			projectDirPath = "";
			projectRoot = "";
			targets = (
				325E6DF52BEE09B900606547 /* TableViewSearch */,
			);
		};
/* End PBXProject section */

/* Begin PBXResourcesBuildPhase section */
		325E6DF42BEE09B900606547 /* Resources */ = {
			isa = PBXResourcesBuildPhase;
			buildActionMask = 2147483647;
			files = (
				325E6E062BEE09BB00606547 /* LaunchScreen.storyboard in Resources */,
				325E6E032BEE09BB00606547 /* Assets.xcassets in Resources */,
				325E6E012BEE09B900606547 /* Main.storyboard in Resources */,
			);
			runOnlyForDeploymentPostprocessing = 0;
		};
/* End PBXResourcesBuildPhase section */

/* Begin PBXSourcesBuildPhase section */
		325E6DF22BEE09B900606547 /* Sources */ = {
			isa = PBXSourcesBuildPhase;
			buildActionMask = 2147483647;
			files = (
				325E6E152BEE102E00606547 /* ViewController.swift in Sources */,
				325E6DFA2BEE09B900606547 /* AppDelegate.swift in Sources */,
				325E6E132BEE0EEF00606547 /* ToDoModel.swift in Sources */,
				325E6DFC2BEE09B900606547 /* SceneDelegate.swift in Sources */,
				325E6E112BEE0E2600606547 /* ListModel.swift in Sources */,
			);
			runOnlyForDeploymentPostprocessing = 0;
		};
/* End PBXSourcesBuildPhase section */

/* Begin PBXVariantGroup section */
		325E6DFF2BEE09B900606547 /* Main.storyboard */ = {
			isa = PBXVariantGroup;
			children = (
				325E6E002BEE09B900606547 /* Base */,
			);
			name = Main.storyboard;
			sourceTree = "<group>";
		};
		325E6E042BEE09BB00606547 /* LaunchScreen.storyboard */ = {
			isa = PBXVariantGroup;
			children = (
				325E6E052BEE09BB00606547 /* Base */,
			);
			name = LaunchScreen.storyboard;
			sourceTree = "<group>";
		};
/* End PBXVariantGroup section */

/* Begin XCBuildConfiguration section */
		325E6E082BEE09BB00606547 /* Debug */ = {
			isa = XCBuildConfiguration;
			buildSettings = {
				ALWAYS_SEARCH_USER_PATHS = NO;
				CLANG_ANALYZER_NONNULL = YES;
				CLANG_ANALYZER_NUMBER_OBJECT_CONVERSION = YES_AGGRESSIVE;
				CLANG_CXX_LANGUAGE_STANDARD = "gnu++20";
				CLANG_ENABLE_MODULES = YES;
				CLANG_ENABLE_OBJC_ARC = YES;
				CLANG_ENABLE_OBJC_WEAK = YES;
				CLANG_WARN_BLOCK_CAPTURE_AUTORELEASING = YES;
				CLANG_WARN_BOOL_CONVERSION = YES;
				CLANG_WARN_COMMA = YES;
				CLANG_WARN_CONSTANT_CONVERSION = YES;
				CLANG_WARN_DEPRECATED_OBJC_IMPLEMENTATIONS = YES;
				CLANG_WARN_DIRECT_OBJC_ISA_USAGE = YES_ERROR;
				CLANG_WARN_DOCUMENTATION_COMMENTS = YES;
				CLANG_WARN_EMPTY_BODY = YES;
				CLANG_WARN_ENUM_CONVERSION = YES;
				CLANG_WARN_INFINITE_RECURSION = YES;
				CLANG_WARN_INT_CONVERSION = YES;
				CLANG_WARN_NON_LITERAL_NULL_CONVERSION = YES;
				CLANG_WARN_OBJC_IMPLICIT_RETAIN_SELF = YES;
				CLANG_WARN_OBJC_LITERAL_CONVERSION = YES;
				CLANG_WARN_OBJC_ROOT_CLASS = YES_ERROR;
				CLANG_WARN_QUOTED_INCLUDE_IN_FRAMEWORK_HEADER = YES;
				CLANG_WARN_RANGE_LOOP_ANALYSIS = YES;
				CLANG_WARN_STRICT_PROTOTYPES = YES;
				CLANG_WARN_SUSPICIOUS_MOVE = YES;
				CLANG_WARN_UNGUARDED_AVAILABILITY = YES_AGGRESSIVE;
				CLANG_WARN_UNREACHABLE_CODE = YES;
				CLANG_WARN__DUPLICATE_METHOD_MATCH = YES;
				COPY_PHASE_STRIP = NO;
				DEBUG_INFORMATION_FORMAT = dwarf;
				ENABLE_STRICT_OBJC_MSGSEND = YES;
				ENABLE_TESTABILITY = YES;
				GCC_C_LANGUAGE_STANDARD = gnu11;
				GCC_DYNAMIC_NO_PIC = NO;
				GCC_NO_COMMON_BLOCKS = YES;
				GCC_OPTIMIZATION_LEVEL = 0;
				GCC_PREPROCESSOR_DEFINITIONS = (
					"DEBUG=1",
					"$(inherited)",
				);
				GCC_WARN_64_TO_32_BIT_CONVERSION = YES;
				GCC_WARN_ABOUT_RETURN_TYPE = YES_ERROR;
				GCC_WARN_UNDECLARED_SELECTOR = YES;
				GCC_WARN_UNINITIALIZED_AUTOS = YES_AGGRESSIVE;
				GCC_WARN_UNUSED_FUNCTION = YES;
				GCC_WARN_UNUSED_VARIABLE = YES;
				IPHONEOS_DEPLOYMENT_TARGET = 16.4;
				MTL_ENABLE_DEBUG_INFO = INCLUDE_SOURCE;
				MTL_FAST_MATH = YES;
				ONLY_ACTIVE_ARCH = YES;
				SDKROOT = iphoneos;
				SWIFT_ACTIVE_COMPILATION_CONDITIONS = DEBUG;
				SWIFT_OPTIMIZATION_LEVEL = "-Onone";
			};
			name = Debug;
		};
		325E6E092BEE09BB00606547 /* Release */ = {
			isa = XCBuildConfiguration;
			buildSettings = {
				ALWAYS_SEARCH_USER_PATHS = NO;
				CLANG_ANALYZER_NONNULL = YES;
				CLANG_ANALYZER_NUMBER_OBJECT_CONVERSION = YES_AGGRESSIVE;
				CLANG_CXX_LANGUAGE_STANDARD = "gnu++20";
				CLANG_ENABLE_MODULES = YES;
				CLANG_ENABLE_OBJC_ARC = YES;
				CLANG_ENABLE_OBJC_WEAK = YES;
				CLANG_WARN_BLOCK_CAPTURE_AUTORELEASING = YES;
				CLANG_WARN_BOOL_CONVERSION = YES;
				CLANG_WARN_COMMA = YES;
				CLANG_WARN_CONSTANT_CONVERSION = YES;
				CLANG_WARN_DEPRECATED_OBJC_IMPLEMENTATIONS = YES;
				CLANG_WARN_DIRECT_OBJC_ISA_USAGE = YES_ERROR;
				CLANG_WARN_DOCUMENTATION_COMMENTS = YES;
				CLANG_WARN_EMPTY_BODY = YES;
				CLANG_WARN_ENUM_CONVERSION = YES;
				CLANG_WARN_INFINITE_RECURSION = YES;
				CLANG_WARN_INT_CONVERSION = YES;
				CLANG_WARN_NON_LITERAL_NULL_CONVERSION = YES;
				CLANG_WARN_OBJC_IMPLICIT_RETAIN_SELF = YES;
				CLANG_WARN_OBJC_LITERAL_CONVERSION = YES;
				CLANG_WARN_OBJC_ROOT_CLASS = YES_ERROR;
				CLANG_WARN_QUOTED_INCLUDE_IN_FRAMEWORK_HEADER = YES;
				CLANG_WARN_RANGE_LOOP_ANALYSIS = YES;
				CLANG_WARN_STRICT_PROTOTYPES = YES;
				CLANG_WARN_SUSPICIOUS_MOVE = YES;
				CLANG_WARN_UNGUARDED_AVAILABILITY = YES_AGGRESSIVE;
				CLANG_WARN_UNREACHABLE_CODE = YES;
				CLANG_WARN__DUPLICATE_METHOD_MATCH = YES;
				COPY_PHASE_STRIP = NO;
				DEBUG_INFORMATION_FORMAT = "dwarf-with-dsym";
				ENABLE_NS_ASSERTIONS = NO;
				ENABLE_STRICT_OBJC_MSGSEND = YES;
				GCC_C_LANGUAGE_STANDARD = gnu11;
				GCC_NO_COMMON_BLOCKS = YES;
				GCC_WARN_64_TO_32_BIT_CONVERSION = YES;
				GCC_WARN_ABOUT_RETURN_TYPE = YES_ERROR;
				GCC_WARN_UNDECLARED_SELECTOR = YES;
				GCC_WARN_UNINITIALIZED_AUTOS = YES_AGGRESSIVE;
				GCC_WARN_UNUSED_FUNCTION = YES;
				GCC_WARN_UNUSED_VARIABLE = YES;
				IPHONEOS_DEPLOYMENT_TARGET = 16.4;
				MTL_ENABLE_DEBUG_INFO = NO;
				MTL_FAST_MATH = YES;
				SDKROOT = iphoneos;
				SWIFT_COMPILATION_MODE = wholemodule;
				SWIFT_OPTIMIZATION_LEVEL = "-O";
				VALIDATE_PRODUCT = YES;
			};
			name = Release;
		};
		325E6E0B2BEE09BB00606547 /* Debug */ = {
			isa = XCBuildConfiguration;
			buildSettings = {
				ASSETCATALOG_COMPILER_APPICON_NAME = AppIcon;
				ASSETCATALOG_COMPILER_GLOBAL_ACCENT_COLOR_NAME = AccentColor;
				CODE_SIGN_STYLE = Automatic;
				CURRENT_PROJECT_VERSION = 1;
				DEVELOPMENT_TEAM = F646K8QSPF;
				GENERATE_INFOPLIST_FILE = YES;
				INFOPLIST_FILE = TableViewSearch/Info.plist;
				INFOPLIST_KEY_UIApplicationSupportsIndirectInputEvents = YES;
				INFOPLIST_KEY_UILaunchStoryboardName = LaunchScreen;
				INFOPLIST_KEY_UIMainStoryboardFile = Main;
				INFOPLIST_KEY_UISupportedInterfaceOrientations_iPad = "UIInterfaceOrientationPortrait UIInterfaceOrientationPortraitUpsideDown UIInterfaceOrientationLandscapeLeft UIInterfaceOrientationLandscapeRight";
				INFOPLIST_KEY_UISupportedInterfaceOrientations_iPhone = "UIInterfaceOrientationPortrait UIInterfaceOrientationLandscapeLeft UIInterfaceOrientationLandscapeRight";
				LD_RUNPATH_SEARCH_PATHS = (
					"$(inherited)",
					"@executable_path/Frameworks",
				);
				MARKETING_VERSION = 1.0;
				PRODUCT_BUNDLE_IDENTIFIER = com.swiftlec.TableViewSearch;
				PRODUCT_NAME = "$(TARGET_NAME)";
				SWIFT_EMIT_LOC_STRINGS = YES;
				SWIFT_VERSION = 5.0;
				TARGETED_DEVICE_FAMILY = "1,2";
			};
			name = Debug;
		};
		325E6E0C2BEE09BB00606547 /* Release */ = {
			isa = XCBuildConfiguration;
			buildSettings = {
				ASSETCATALOG_COMPILER_APPICON_NAME = AppIcon;
				ASSETCATALOG_COMPILER_GLOBAL_ACCENT_COLOR_NAME = AccentColor;
				CODE_SIGN_STYLE = Automatic;
				CURRENT_PROJECT_VERSION = 1;
				DEVELOPMENT_TEAM = F646K8QSPF;
				GENERATE_INFOPLIST_FILE = YES;
				INFOPLIST_FILE = TableViewSearch/Info.plist;
				INFOPLIST_KEY_UIApplicationSupportsIndirectInputEvents = YES;
				INFOPLIST_KEY_UILaunchStoryboardName = LaunchScreen;
				INFOPLIST_KEY_UIMainStoryboardFile = Main;
				INFOPLIST_KEY_UISupportedInterfaceOrientations_iPad = "UIInterfaceOrientationPortrait UIInterfaceOrientationPortraitUpsideDown UIInterfaceOrientationLandscapeLeft UIInterfaceOrientationLandscapeRight";
				INFOPLIST_KEY_UISupportedInterfaceOrientations_iPhone = "UIInterfaceOrientationPortrait UIInterfaceOrientationLandscapeLeft UIInterfaceOrientationLandscapeRight";
				LD_RUNPATH_SEARCH_PATHS = (
					"$(inherited)",
					"@executable_path/Frameworks",
				);
				MARKETING_VERSION = 1.0;
				PRODUCT_BUNDLE_IDENTIFIER = com.swiftlec.TableViewSearch;
				PRODUCT_NAME = "$(TARGET_NAME)";
				SWIFT_EMIT_LOC_STRINGS = YES;
				SWIFT_VERSION = 5.0;
				TARGETED_DEVICE_FAMILY = "1,2";
			};
			name = Release;
		};
/* End XCBuildConfiguration section */

/* Begin XCConfigurationList section */
		325E6DF12BEE09B900606547 /* Build configuration list for PBXProject "TableViewSearch" */ = {
			isa = XCConfigurationList;
			buildConfigurations = (
				325E6E082BEE09BB00606547 /* Debug */,
				325E6E092BEE09BB00606547 /* Release */,
			);
			defaultConfigurationIsVisible = 0;
			defaultConfigurationName = Release;
		};
		325E6E0A2BEE09BB00606547 /* Build configuration list for PBXNativeTarget "TableViewSearch" */ = {
			isa = XCConfigurationList;
			buildConfigurations = (
				325E6E0B2BEE09BB00606547 /* Debug */,
				325E6E0C2BEE09BB00606547 /* Release */,
			);
			defaultConfigurationIsVisible = 0;
			defaultConfigurationName = Release;
		};
/* End XCConfigurationList section */
	};
	rootObject = 325E6DEE2BEE09B900606547 /* Project object */;
}
